
Microsoft Visual Studio Solution File, Format Version 12.00
# Visual Studio Version 17
VisualStudioVersion = 17.12.35707.178 d17.12
MinimumVisualStudioVersion = 10.0.40219.1
Project("{FAE04EC0-301F-11D3-BF4B-00C04F79EFBC}") = "DeTorenVanPisa", "DeTorenVanPisa\DeTorenVanPisa.csproj", "{01A1A076-D1E0-4E53-B3D3-80D46A626680}"
EndProject
Project("{FAE04EC0-301F-11D3-BF4B-00C04F79EFBC}") = "Punten", "Punten\Punten.csproj", "{FA89B1D6-4A1D-4FF2-875A-10525537ACA2}"
EndProject
Global
	GlobalSection(SolutionConfigurationPlatforms) = preSolution
		Debug|Any CPU = Debug|Any CPU
		Release|Any CPU = Release|Any CPU
	EndGlobalSection
	GlobalSection(ProjectConfigurationPlatforms) = postSolution
		{01A1A076-D1E0-4E53-B3D3-80D46A626680}.Debug|Any CPU.ActiveCfg = Debug|Any CPU
		{01A1A076-D1E0-4E53-B3D3-80D46A626680}.Debug|Any CPU.Build.0 = Debug|Any CPU
		{01A1A076-D1E0-4E53-B3D3-80D46A626680}.Release|Any CPU.ActiveCfg = Release|Any CPU
		{01A1A076-D1E0-4E53-B3D3-80D46A626680}.Release|Any CPU.Build.0 = Release|Any CPU
		{FA89B1D6-4A1D-4FF2-875A-10525537ACA2}.Debug|Any CPU.ActiveCfg = Debug|Any CPU
		{FA89B1D6-4A1D-4FF2-875A-10525537ACA2}.Debug|Any CPU.Build.0 = Debug|Any CPU
		{FA89B1D6-4A1D-4FF2-875A-10525537ACA2}.Release|Any CPU.ActiveCfg = Release|Any CPU
		{FA89B1D6-4A1D-4FF2-875A-10525537ACA2}.Release|Any CPU.Build.0 = Release|Any CPU
	EndGlobalSection
	GlobalSection(SolutionProperties) = preSolution
		HideSolutionNode = FALSE
	EndGlobalSection
EndGlobal
