
Microsoft Visual Studio Solution File, Format Version 12.00
# Visual Studio Version 17
VisualStudioVersion = 17.12.35707.178
MinimumVisualStudioVersion = 10.0.40219.1
Project("{FAE04EC0-301F-11D3-BF4B-00C04F79EFBC}") = "Generiek", "Generiek\Generiek.csproj", "{F2D9CA89-3D7B-4116-8DBF-29B8C0D300F9}"
EndProject
Project("{FAE04EC0-301F-11D3-BF4B-00C04F79EFBC}") = "Collection", "Collection\Collection.csproj", "{3C730F68-E145-4E2E-85CE-91158ED9D60F}"
EndProject
Project("{FAE04EC0-301F-11D3-BF4B-00C04F79EFBC}") = "Registratie", "Registratie\Registratie.csproj", "{F613C1E3-C26A-4B85-9E3E-EC49D7619B90}"
EndProject
Project("{FAE04EC0-301F-11D3-BF4B-00C04F79EFBC}") = "Magie", "Magie\Magie.csproj", "{019E4B20-A1C6-4EC9-9E55-462D9E7C51F0}"
EndProject
Global
	GlobalSection(SolutionConfigurationPlatforms) = preSolution
		Debug|Any CPU = Debug|Any CPU
		Release|Any CPU = Release|Any CPU
	EndGlobalSection
	GlobalSection(ProjectConfigurationPlatforms) = postSolution
		{F2D9CA89-3D7B-4116-8DBF-29B8C0D300F9}.Debug|Any CPU.ActiveCfg = Debug|Any CPU
		{F2D9CA89-3D7B-4116-8DBF-29B8C0D300F9}.Debug|Any CPU.Build.0 = Debug|Any CPU
		{F2D9CA89-3D7B-4116-8DBF-29B8C0D300F9}.Release|Any CPU.ActiveCfg = Release|Any CPU
		{F2D9CA89-3D7B-4116-8DBF-29B8C0D300F9}.Release|Any CPU.Build.0 = Release|Any CPU
		{3C730F68-E145-4E2E-85CE-91158ED9D60F}.Debug|Any CPU.ActiveCfg = Debug|Any CPU
		{3C730F68-E145-4E2E-85CE-91158ED9D60F}.Debug|Any CPU.Build.0 = Debug|Any CPU
		{3C730F68-E145-4E2E-85CE-91158ED9D60F}.Release|Any CPU.ActiveCfg = Release|Any CPU
		{3C730F68-E145-4E2E-85CE-91158ED9D60F}.Release|Any CPU.Build.0 = Release|Any CPU
		{F613C1E3-C26A-4B85-9E3E-EC49D7619B90}.Debug|Any CPU.ActiveCfg = Debug|Any CPU
		{F613C1E3-C26A-4B85-9E3E-EC49D7619B90}.Debug|Any CPU.Build.0 = Debug|Any CPU
		{F613C1E3-C26A-4B85-9E3E-EC49D7619B90}.Release|Any CPU.ActiveCfg = Release|Any CPU
		{F613C1E3-C26A-4B85-9E3E-EC49D7619B90}.Release|Any CPU.Build.0 = Release|Any CPU
		{019E4B20-A1C6-4EC9-9E55-462D9E7C51F0}.Debug|Any CPU.ActiveCfg = Debug|Any CPU
		{019E4B20-A1C6-4EC9-9E55-462D9E7C51F0}.Debug|Any CPU.Build.0 = Debug|Any CPU
		{019E4B20-A1C6-4EC9-9E55-462D9E7C51F0}.Release|Any CPU.ActiveCfg = Release|Any CPU
		{019E4B20-A1C6-4EC9-9E55-462D9E7C51F0}.Release|Any CPU.Build.0 = Release|Any CPU
	EndGlobalSection
	GlobalSection(SolutionProperties) = preSolution
		HideSolutionNode = FALSE
	EndGlobalSection
EndGlobal
